
Microsoft Visual Studio Solution File, Format Version 12.00
# Visual Studio Version 17
VisualStudioVersion = 17.7.34031.279
MinimumVisualStudioVersion = 10.0.40219.1
Project("{FAE04EC0-301F-11D3-BF4B-00C04F79EFBC}") = "CSharpNotes", "CSharpNotes\CSharpNotes.csproj", "{137FEB19-632B-4A76-90DB-F1E3A2416933}"
EndProject
Global
	GlobalSection(SolutionConfigurationPlatforms) = preSolution
		Debug|Any CPU = Debug|Any CPU
		Release|Any CPU = Release|Any CPU
	EndGlobalSection
	GlobalSection(ProjectConfigurationPlatforms) = postSolution
		{137FEB19-632B-4A76-90DB-F1E3A2416933}.Debug|Any CPU.ActiveCfg = Debug|Any CPU
		{137FEB19-632B-4A76-90DB-F1E3A2416933}.Debug|Any CPU.Build.0 = Debug|Any CPU
		{137FEB19-632B-4A76-90DB-F1E3A2416933}.Release|Any CPU.ActiveCfg = Release|Any CPU
		{137FEB19-632B-4A76-90DB-F1E3A2416933}.Release|Any CPU.Build.0 = Release|Any CPU
	EndGlobalSection
	GlobalSection(SolutionProperties) = preSolution
		HideSolutionNode = FALSE
	EndGlobalSection
	GlobalSection(ExtensibilityGlobals) = postSolution
		SolutionGuid = {A0A94982-81FC-4BEE-87B4-D0645EE0C196}
	EndGlobalSection
EndGlobal
